
Microsoft Visual Studio Solution File, Format Version 12.00
# Visual Studio Version 17
VisualStudioVersion = 17.2.32317.152
MinimumVisualStudioVersion = 10.0.40219.1
Project("{FAE04EC0-301F-11D3-BF4B-00C04F79EFBC}") = "BA tets", "BA tets.csproj", "{E183AABC-C82E-4C82-840E-556B1790DD7F}"
EndProject
Global
	GlobalSection(SolutionConfigurationPlatforms) = preSolution
		Debug|Any CPU = Debug|Any CPU
		Release|Any CPU = Release|Any CPU
	EndGlobalSection
	GlobalSection(ProjectConfigurationPlatforms) = postSolution
		{E183AABC-C82E-4C82-840E-556B1790DD7F}.Debug|Any CPU.ActiveCfg = Debug|Any CPU
		{E183AABC-C82E-4C82-840E-556B1790DD7F}.Debug|Any CPU.Build.0 = Debug|Any CPU
		{E183AABC-C82E-4C82-840E-556B1790DD7F}.Release|Any CPU.ActiveCfg = Release|Any CPU
		{E183AABC-C82E-4C82-840E-556B1790DD7F}.Release|Any CPU.Build.0 = Release|Any CPU
	EndGlobalSection
	GlobalSection(SolutionProperties) = preSolution
		HideSolutionNode = FALSE
	EndGlobalSection
	GlobalSection(ExtensibilityGlobals) = postSolution
		SolutionGuid = {BFD99B25-91BF-4DCB-91DE-1BF29B78D8CF}
	EndGlobalSection
EndGlobal
